<?xml version="1.0" encoding="utf-8"?>
<Project ToolsVersion="4.0" xmlns="http://schemas.microsoft.com/developer/msbuild/2003">
  <ItemGroup>
    <Filter Include="Source Files">
      <UniqueIdentifier>{4FC737F1-C7A5-4376-A066-2A32D752A2FF}</UniqueIdentifier>
      <Extensions>cpp;c;cc;cxx;c++;cppm;ixx;def;odl;idl;hpj;bat;asm;asmx</Extensions>
    </Filter>
    <Filter Include="Header Files">
      <UniqueIdentifier>{93995380-89BD-4b04-88EB-625FBE52EBFB}</UniqueIdentifier>
      <Extensions>h;hh;hpp;hxx;h++;hm;inl;inc;ipp;xsd</Extensions>
    </Filter>
    <Filter Include="Resource Files">
      <UniqueIdentifier>{67DA6AB6-F800-4c08-8B7A-83BB121AAD01}</UniqueIdentifier>
      <Extensions>rc;ico;cur;bmp;dlg;rc2;rct;bin;rgs;gif;jpg;jpeg;jpe;resx;tiff;tif;png;wav;mfcribbon-ms</Extensions>
    </Filter>
  </ItemGroup>
  <ItemGroup>
    <ClInclude Include="Demo.h">
      <Filter>Header Files</Filter>
    </ClInclude>
    <ClInclude Include="RTTI\Any.hpp">
      <Filter>Header Files</Filter>
    </ClInclude>
    <ClInclude Include="RTTI\Base.hpp">
      <Filter>Header Files</Filter>
    </ClInclude>
    <ClInclude Include="RTTI\Constructor.hpp">
      <Filter>Header Files</Filter>
    </ClInclude>
    <ClInclude Include="RTTI\Conversion.hpp">
      <Filter>Header Files</Filter>
    </ClInclude>
    <ClInclude Include="RTTI\DataMember.hpp">
      <Filter>Header Files</Filter>
    </ClInclude>
    <ClInclude Include="RTTI\Function.hpp">
      <Filter>Header Files</Filter>
    </ClInclude>
    <ClInclude Include="RTTI\json.hpp">
      <Filter>Header Files</Filter>
    </ClInclude>
    <ClInclude Include="RTTI\Reflect.hpp">
      <Filter>Header Files</Filter>
    </ClInclude>
    <ClInclude Include="RTTI\TypeDescriptor.hpp">
      <Filter>Header Files</Filter>
    </ClInclude>
    <ClInclude Include="RTTI\TypeFactory.hpp">
      <Filter>Header Files</Filter>
    </ClInclude>
    <ClInclude Include="IO\FileSystem.h">
      <Filter>Header Files</Filter>
    </ClInclude>
    <ClInclude Include="IO\StringUtilities.h">
      <Filter>Header Files</Filter>
    </ClInclude>
    <ClInclude Include="Compression\Huffman.h">
      <Filter>Header Files</Filter>
    </ClInclude>
    <ClInclude Include="Logging\OS\Windows\SystemInfo.h">
      <Filter>Header Files</Filter>
    </ClInclude>
    <ClInclude Include="Timer\Timer.h">
      <Filter>Header Files</Filter>
    </ClInclude>
    <ClInclude Include="Serializations\Core\SerializerCore.h">
      <Filter>Header Files</Filter>
    </ClInclude>
    <ClInclude Include="Serializations\Serializer.h">
      <Filter>Header Files</Filter>
    </ClInclude>
    <ClInclude Include="Serializations\Serializers\YAMLSerializer.h">
      <Filter>Header Files</Filter>
    </ClInclude>
    <ClInclude Include="Serializations\Serializers\BinarySerializer.h">
      <Filter>Header Files</Filter>
    </ClInclude>
    <ClInclude Include="Serializations\Serializers\YAMLUtilities.h">
      <Filter>Header Files</Filter>
    </ClInclude>
    <ClInclude Include="IO\EngineIO.h">
      <Filter>Header Files</Filter>
    </ClInclude>
    <ClInclude Include="ResourceCache\IResource.h">
      <Filter>Header Files</Filter>
    </ClInclude>
    <ClInclude Include="ResourceCache\StarlightObject.h">
      <Filter>Header Files</Filter>
    </ClInclude>
    <ClInclude Include="Utilities\MPMCQueue.h">
      <Filter>Header Files</Filter>
    </ClInclude>
    <ClInclude Include="Utilities\SPSCQueue.h">
      <Filter>Header Files</Filter>
    </ClInclude>
    <ClInclude Include="Utilities\Allocator.h">
      <Filter>Header Files</Filter>
    </ClInclude>
    <ClInclude Include="Utilities\Seqlock.h">
      <Filter>Header Files</Filter>
    </ClInclude>
    <ClInclude Include="ECS\Registry.h">
      <Filter>Header Files</Filter>
    </ClInclude>
    <ClInclude Include="ECS\Component.h">
      <Filter>Header Files</Filter>
    </ClInclude>
    <ClInclude Include="ECS\Entity.h">
      <Filter>Header Files</Filter>
    </ClInclude>
    <ClInclude Include="Debug\DebugCode.h">
      <Filter>Header Files</Filter>
    </ClInclude>
    <ClInclude Include="Core\Core.h">
      <Filter>Header Files</Filter>
    </ClInclude>
    <ClInclude Include="Debug\DebugUtilities.h">
      <Filter>Header Files</Filter>
    </ClInclude>
    <ClInclude Include="Log\LogMacros.h">
      <Filter>Header Files</Filter>
    </ClInclude>
    <ClInclude Include="Log\Logger.h">
      <Filter>Header Files</Filter>
    </ClInclude>
    <ClInclude Include="Log\LogClassification.h">
      <Filter>Header Files</Filter>
    </ClInclude>
  </ItemGroup>
  <ItemGroup>
    <ClCompile Include="Demo.cpp">
      <Filter>Source Files</Filter>
    </ClCompile>
    <ClCompile Include="IO\FileSystem.cpp">
      <Filter>Source Files</Filter>
    </ClCompile>
    <ClCompile Include="IO\StringUtilities.cpp">
      <Filter>Source Files</Filter>
    </ClCompile>
    <ClCompile Include="IO\EngineIO.cpp">
      <Filter>Source Files</Filter>
    </ClCompile>
    <ClCompile Include="ResourceCache\IResource.cpp">
      <Filter>Source Files</Filter>
    </ClCompile>
    <ClCompile Include="ECS\Registry.cpp">
      <Filter>Source Files</Filter>
    </ClCompile>
    <ClCompile Include="ECS\Entity.cpp">
      <Filter>Source Files</Filter>
    </ClCompile>
    <ClCompile Include="Log\Logger.cpp">
      <Filter>Source Files</Filter>
    </ClCompile>
  </ItemGroup>
  <ItemGroup>
    <None Include="RTTI\TypeDescriptor.inl">
      <Filter>Header Files</Filter>
    </None>
  </ItemGroup>
</Project>